
Microsoft Visual Studio Solution File, Format Version 11.00
# Visual Studio 2010
Project("{FAE04EC0-301F-11D3-BF4B-00C04F79EFBC}") = "Cb A3", "Cb A3.csproj", "{B1C9E8C2-633A-4BD0-8BE6-10DD4A3B4863}"
EndProject
Global
	GlobalSection(SolutionConfigurationPlatforms) = preSolution
		Debug|x86 = Debug|x86
		Release|x86 = Release|x86
	EndGlobalSection
	GlobalSection(ProjectConfigurationPlatforms) = postSolution
		{B1C9E8C2-633A-4BD0-8BE6-10DD4A3B4863}.Debug|x86.ActiveCfg = Debug|x86
		{B1C9E8C2-633A-4BD0-8BE6-10DD4A3B4863}.Debug|x86.Build.0 = Debug|x86
		{B1C9E8C2-633A-4BD0-8BE6-10DD4A3B4863}.Release|x86.ActiveCfg = Release|x86
		{B1C9E8C2-633A-4BD0-8BE6-10DD4A3B4863}.Release|x86.Build.0 = Release|x86
	EndGlobalSection
	GlobalSection(SolutionProperties) = preSolution
		HideSolutionNode = FALSE
	EndGlobalSection
EndGlobal
